lockfileVersion: '6.0'

settings:
  autoInstallPeers: true
  excludeLinksFromLockfile: false

onlyBuiltDependencies: []

importers:

  .:
    dependencies:
      figlet:
        specifier: ^1.11.0
        version: 1.11.0
    devDependencies:
      '@types/figlet':
        specifier: ^1.7.0
        version: 1.7.0
      typescript:
        specifier: 5.6.2
        version: 5.6.2

  hello-world/greeter:
    dependencies:
      greeter-lib:
        specifier: workspace:*
        version: link:../greeter-lib

  hello-world/greeter-constants: {}

  hello-world/greeter-lib:
    dependencies:
      greeter-constants:
        specifier: workspace:*
        version: link:../greeter-constants

packages:

  /@types/figlet@1.7.0:
    resolution: {integrity: sha512-KwrT7p/8Eo3Op/HBSIwGXOsTZKYiM9NpWRBJ5sVjWP/SmlS+oxxRvJht/FNAtliJvja44N3ul1yATgohnVBV0Q==}
    dev: true

  /commander@14.0.3:
    resolution: {integrity: sha512-H+y0Jo/T1RZ9qPP4Eh1pkcQcLRglraJaSLoyOtHxu6AapkjWVCy2Sit1QQ4x3Dng8qDlSsZEet7g5Pq06MvTgw==}
    engines: {node: '>=20'}
    dev: false

  /figlet@1.11.0:
    resolution: {integrity: sha512-EEx3OS/l2bFqcUNN2NM9FPJp8vAMrgbCxsbl2hbcJNNxOEwVe3mEzrhan7TbJQViZa8mMqhihlbCaqD+LyYKTQ==}
    engines: {node: '>= 17.0.0'}
    hasBin: true
    dependencies:
      commander: 14.0.3
    dev: false

  /typescript@5.6.2:
    resolution: {integrity: sha512-NW8ByodCSNCwZeghjN3o+JX5OFH0Ojg6sadjEKY4huZ52TqbJTJnDo5+Tw98lSy63NZvi4n+ez5m2u5d4PkZyw==}
    engines: {node: '>=14.17'}
    hasBin: true
    dev: true
